// !$*UTF8*$!
{
	archiveVersion = 1;
	classes = {
	};
	objectVersion = 56;
	objects = {

/* Begin PBXBuildFile section */
		2348A30C2E71A6BF0095B825 /* wine.jpg in Resources */ = {isa = PBXBuildFile; fileRef = 2348A3092E71A6BF0095B825 /* wine.jpg */; };
		2348A30D2E71A6BF0095B825 /* galaxy.jpg in Resources */ = {isa = PBXBuildFile; fileRef = 2348A30A2E71A6BF0095B825 /* galaxy.jpg */; };
		2348A30E2E71A6BF0095B825 /* mountains.jpg in Resources */ = {isa = PBXBuildFile; fileRef = 2348A30B2E71A6BF0095B825 /* mountains.jpg */; };
		2348A3122E71B48E0095B825 /* DocumentViewController.swift in Sources */ = {isa = PBXBuildFile; fileRef = 2348A3112E71B48E0095B825 /* DocumentViewController.swift */; };
		23B701402E716BFC009E90E5 /* AppDelegate.swift in Sources */ = {isa = PBXBuildFile; fileRef = 23B7013F2E716BFC009E90E5 /* AppDelegate.swift */; };
		23B701422E716BFC009E90E5 /* SceneDelegate.swift in Sources */ = {isa = PBXBuildFile; fileRef = 23B701412E716BFC009E90E5 /* SceneDelegate.swift */; };
		23B701472E716BFC009E90E5 /* Main.storyboard in Resources */ = {isa = PBXBuildFile; fileRef = 23B701452E716BFC009E90E5 /* Main.storyboard */; };
		23B701492E716BFD009E90E5 /* Assets.xcassets in Resources */ = {isa = PBXBuildFile; fileRef = 23B701482E716BFD009E90E5 /* Assets.xcassets */; };
		23B7014C2E716BFD009E90E5 /* LaunchScreen.storyboard in Resources */ = {isa = PBXBuildFile; fileRef = 23B7014A2E716BFD009E90E5 /* LaunchScreen.storyboard */; };
		23B701542E716F99009E90E5 /* Answers.md in Resources */ = {isa = PBXBuildFile; fileRef = 23B701532E716F99009E90E5 /* Answers.md */; };
		23B701562E717E74009E90E5 /* DocumentTableViewController.swift in Sources */ = {isa = PBXBuildFile; fileRef = 23B701552E717E74009E90E5 /* DocumentTableViewController.swift */; };
/* End PBXBuildFile section */

/* Begin PBXFileReference section */
		2348A3092E71A6BF0095B825 /* wine.jpg */ = {isa = PBXFileReference; lastKnownFileType = image.jpeg; path = wine.jpg; sourceTree = "<group>"; };
		2348A30A2E71A6BF0095B825 /* galaxy.jpg */ = {isa = PBXFileReference; lastKnownFileType = image.jpeg; path = galaxy.jpg; sourceTree = "<group>"; };
		2348A30B2E71A6BF0095B825 /* mountains.jpg */ = {isa = PBXFileReference; lastKnownFileType = image.jpeg; path = mountains.jpg; sourceTree = "<group>"; };
		2348A3112E71B48E0095B825 /* DocumentViewController.swift */ = {isa = PBXFileReference; lastKnownFileType = sourcecode.swift; path = DocumentViewController.swift; sourceTree = "<group>"; };
		23B7013C2E716BFC009E90E5 /* Document App.app */ = {isa = PBXFileReference; explicitFileType = wrapper.application; includeInIndex = 0; path = "Document App.app"; sourceTree = BUILT_PRODUCTS_DIR; };
		23B7013F2E716BFC009E90E5 /* AppDelegate.swift */ = {isa = PBXFileReference; lastKnownFileType = sourcecode.swift; path = AppDelegate.swift; sourceTree = "<group>"; };
		23B701412E716BFC009E90E5 /* SceneDelegate.swift */ = {isa = PBXFileReference; lastKnownFileType = sourcecode.swift; path = SceneDelegate.swift; sourceTree = "<group>"; };
		23B701462E716BFC009E90E5 /* Base */ = {isa = PBXFileReference; lastKnownFileType = file.storyboard; name = Base; path = Base.lproj/Main.storyboard; sourceTree = "<group>"; };
		23B701482E716BFD009E90E5 /* Assets.xcassets */ = {isa = PBXFileReference; lastKnownFileType = folder.assetcatalog; path = Assets.xcassets; sourceTree = "<group>"; };
		23B7014B2E716BFD009E90E5 /* Base */ = {isa = PBXFileReference; lastKnownFileType = file.storyboard; name = Base; path = Base.lproj/LaunchScreen.storyboard; sourceTree = "<group>"; };
		23B7014D2E716BFD009E90E5 /* Info.plist */ = {isa = PBXFileReference; lastKnownFileType = text.plist.xml; path = Info.plist; sourceTree = "<group>"; };
		23B701532E716F99009E90E5 /* Answers.md */ = {isa = PBXFileReference; lastKnownFileType = net.daringfireball.markdown; path = Answers.md; sourceTree = "<group>"; };
		23B701552E717E74009E90E5 /* DocumentTableViewController.swift */ = {isa = PBXFileReference; lastKnownFileType = sourcecode.swift; path = DocumentTableViewController.swift; sourceTree = "<group>"; };
/* End PBXFileReference section */

/* Begin PBXFrameworksBuildPhase section */
		23B701392E716BFC009E90E5 /* Frameworks */ = {
			isa = PBXFrameworksBuildPhase;
			buildActionMask = 2147483647;
			files = (
			);
			runOnlyForDeploymentPostprocessing = 0;
		};
/* End PBXFrameworksBuildPhase section */

/* Begin PBXGroup section */
		23B701332E716BFC009E90E5 = {
			isa = PBXGroup;
			children = (
				23B701532E716F99009E90E5 /* Answers.md */,
				23B7013E2E716BFC009E90E5 /* Document App */,
				23B7013D2E716BFC009E90E5 /* Products */,
			);
			sourceTree = "<group>";
		};
		23B7013D2E716BFC009E90E5 /* Products */ = {
			isa = PBXGroup;
			children = (
				23B7013C2E716BFC009E90E5 /* Document App.app */,
			);
			name = Products;
			sourceTree = "<group>";
		};
		23B7013E2E716BFC009E90E5 /* Document App */ = {
			isa = PBXGroup;
			children = (
				23B7013F2E716BFC009E90E5 /* AppDelegate.swift */,
				23B701412E716BFC009E90E5 /* SceneDelegate.swift */,
				23B701552E717E74009E90E5 /* DocumentTableViewController.swift */,
				2348A3112E71B48E0095B825 /* DocumentViewController.swift */,
				23B701452E716BFC009E90E5 /* Main.storyboard */,
				23B701482E716BFD009E90E5 /* Assets.xcassets */,
				23B7014A2E716BFD009E90E5 /* LaunchScreen.storyboard */,
				23B7014D2E716BFD009E90E5 /* Info.plist */,
				2348A30A2E71A6BF0095B825 /* galaxy.jpg */,
				2348A30B2E71A6BF0095B825 /* mountains.jpg */,
				2348A3092E71A6BF0095B825 /* wine.jpg */,
			);
			path = "Document App";
			sourceTree = "<group>";
		};
/* End PBXGroup section */

/* Begin PBXNativeTarget section */
		23B7013B2E716BFC009E90E5 /* Document App */ = {
			isa = PBXNativeTarget;
			buildConfigurationList = 23B701502E716BFD009E90E5 /* Build configuration list for PBXNativeTarget "Document App" */;
			buildPhases = (
				23B701382E716BFC009E90E5 /* Sources */,
				23B701392E716BFC009E90E5 /* Frameworks */,
				23B7013A2E716BFC009E90E5 /* Resources */,
			);
			buildRules = (
			);
			dependencies = (
			);
			name = "Document App";
			productName = "Document App";
			productReference = 23B7013C2E716BFC009E90E5 /* Document App.app */;
			productType = "com.apple.product-type.application";
		};
/* End PBXNativeTarget section */

/* Begin PBXProject section */
		23B701342E716BFC009E90E5 /* Project object */ = {
			isa = PBXProject;
			attributes = {
				BuildIndependentTargetsInParallel = 1;
				LastSwiftUpdateCheck = 1500;
				LastUpgradeCheck = 1500;
				TargetAttributes = {
					23B7013B2E716BFC009E90E5 = {
						CreatedOnToolsVersion = 15.0.1;
					};
				};
			};
			buildConfigurationList = 23B701372E716BFC009E90E5 /* Build configuration list for PBXProject "Document App" */;
			compatibilityVersion = "Xcode 14.0";
			developmentRegion = en;
			hasScannedForEncodings = 0;
			knownRegions = (
				en,
				Base,
			);
			mainGroup = 23B701332E716BFC009E90E5;
			productRefGroup = 23B7013D2E716BFC009E90E5 /* Products */;
			projectDirPath = "";
			projectRoot = "";
			targets = (
				23B7013B2E716BFC009E90E5 /* Document App */,
			);
		};
/* End PBXProject section */

/* Begin PBXResourcesBuildPhase section */
		23B7013A2E716BFC009E90E5 /* Resources */ = {
			isa = PBXResourcesBuildPhase;
			buildActionMask = 2147483647;
			files = (
				23B701542E716F99009E90E5 /* Answers.md in Resources */,
				2348A30C2E71A6BF0095B825 /* wine.jpg in Resources */,
				23B7014C2E716BFD009E90E5 /* LaunchScreen.storyboard in Resources */,
				2348A30D2E71A6BF0095B825 /* galaxy.jpg in Resources */,
				23B701492E716BFD009E90E5 /* Assets.xcassets in Resources */,
				23B701472E716BFC009E90E5 /* Main.storyboard in Resources */,
				2348A30E2E71A6BF0095B825 /* mountains.jpg in Resources */,
			);
			runOnlyForDeploymentPostprocessing = 0;
		};
/* End PBXResourcesBuildPhase section */

/* Begin PBXSourcesBuildPhase section */
		23B701382E716BFC009E90E5 /* Sources */ = {
			isa = PBXSourcesBuildPhase;
			buildActionMask = 2147483647;
			files = (
				23B701402E716BFC009E90E5 /* AppDelegate.swift in Sources */,
				2348A3122E71B48E0095B825 /* DocumentViewController.swift in Sources */,
				23B701562E717E74009E90E5 /* DocumentTableViewController.swift in Sources */,
				23B701422E716BFC009E90E5 /* SceneDelegate.swift in Sources */,
			);
			runOnlyForDeploymentPostprocessing = 0;
		};
/* End PBXSourcesBuildPhase section */

/* Begin PBXVariantGroup section */
		23B701452E716BFC009E90E5 /* Main.storyboard */ = {
			isa = PBXVariantGroup;
			children = (
				23B701462E716BFC009E90E5 /* Base */,
			);
			name = Main.storyboard;
			sourceTree = "<group>";
		};
		23B7014A2E716BFD009E90E5 /* LaunchScreen.storyboard */ = {
			isa = PBXVariantGroup;
			children = (
				23B7014B2E716BFD009E90E5 /* Base */,
			);
			name = LaunchScreen.storyboard;
			sourceTree = "<group>";
		};
/* End PBXVariantGroup section */

/* Begin XCBuildConfiguration section */
		23B7014E2E716BFD009E90E5 /* Debug */ = {
			isa = XCBuildConfiguration;
			buildSettings = {
				ALWAYS_SEARCH_USER_PATHS = NO;
				ASSETCATALOG_COMPILER_GENERATE_SWIFT_ASSET_SYMBOL_EXTENSIONS = YES;
				CLANG_ANALYZER_NONNULL = YES;
				CLANG_ANALYZER_NUMBER_OBJECT_CONVERSION = YES_AGGRESSIVE;
				CLANG_CXX_LANGUAGE_STANDARD = "gnu++20";
				CLANG_ENABLE_MODULES = YES;
				CLANG_ENABLE_OBJC_ARC = YES;
				CLANG_ENABLE_OBJC_WEAK = YES;
				CLANG_WARN_BLOCK_CAPTURE_AUTORELEASING = YES;
				CLANG_WARN_BOOL_CONVERSION = YES;
				CLANG_WARN_COMMA = YES;
				CLANG_WARN_CONSTANT_CONVERSION = YES;
				CLANG_WARN_DEPRECATED_OBJC_IMPLEMENTATIONS = YES;
				CLANG_WARN_DIRECT_OBJC_ISA_USAGE = YES_ERROR;
				CLANG_WARN_DOCUMENTATION_COMMENTS = YES;
				CLANG_WARN_EMPTY_BODY = YES;
				CLANG_WARN_ENUM_CONVERSION = YES;
				CLANG_WARN_INFINITE_RECURSION = YES;
				CLANG_WARN_INT_CONVERSION = YES;
				CLANG_WARN_NON_LITERAL_NULL_CONVERSION = YES;
				CLANG_WARN_OBJC_IMPLICIT_RETAIN_SELF = YES;
				CLANG_WARN_OBJC_LITERAL_CONVERSION = YES;
				CLANG_WARN_OBJC_ROOT_CLASS = YES_ERROR;
				CLANG_WARN_QUOTED_INCLUDE_IN_FRAMEWORK_HEADER = YES;
				CLANG_WARN_RANGE_LOOP_ANALYSIS = YES;
				CLANG_WARN_STRICT_PROTOTYPES = YES;
				CLANG_WARN_SUSPICIOUS_MOVE = YES;
				CLANG_WARN_UNGUARDED_AVAILABILITY = YES_AGGRESSIVE;
				CLANG_WARN_UNREACHABLE_CODE = YES;
				CLANG_WARN__DUPLICATE_METHOD_MATCH = YES;
				COPY_PHASE_STRIP = NO;
				DEBUG_INFORMATION_FORMAT = dwarf;
				ENABLE_STRICT_OBJC_MSGSEND = YES;
				ENABLE_TESTABILITY = YES;
				ENABLE_USER_SCRIPT_SANDBOXING = YES;
				GCC_C_LANGUAGE_STANDARD = gnu17;
				GCC_DYNAMIC_NO_PIC = NO;
				GCC_NO_COMMON_BLOCKS = YES;
				GCC_OPTIMIZATION_LEVEL = 0;
				GCC_PREPROCESSOR_DEFINITIONS = (
					"DEBUG=1",
					"$(inherited)",
				);
				GCC_WARN_64_TO_32_BIT_CONVERSION = YES;
				GCC_WARN_ABOUT_RETURN_TYPE = YES_ERROR;
				GCC_WARN_UNDECLARED_SELECTOR = YES;
				GCC_WARN_UNINITIALIZED_AUTOS = YES_AGGRESSIVE;
				GCC_WARN_UNUSED_FUNCTION = YES;
				GCC_WARN_UNUSED_VARIABLE = YES;
				IPHONEOS_DEPLOYMENT_TARGET = 17.0;
				LOCALIZATION_PREFERS_STRING_CATALOGS = YES;
				MTL_ENABLE_DEBUG_INFO = INCLUDE_SOURCE;
				MTL_FAST_MATH = YES;
				ONLY_ACTIVE_ARCH = YES;
				SDKROOT = iphoneos;
				SWIFT_ACTIVE_COMPILATION_CONDITIONS = "DEBUG $(inherited)";
				SWIFT_OPTIMIZATION_LEVEL = "-Onone";
			};
			name = Debug;
		};
		23B7014F2E716BFD009E90E5 /* Release */ = {
			isa = XCBuildConfiguration;
			buildSettings = {
				ALWAYS_SEARCH_USER_PATHS = NO;
				ASSETCATALOG_COMPILER_GENERATE_SWIFT_ASSET_SYMBOL_EXTENSIONS = YES;
				CLANG_ANALYZER_NONNULL = YES;
				CLANG_ANALYZER_NUMBER_OBJECT_CONVERSION = YES_AGGRESSIVE;
				CLANG_CXX_LANGUAGE_STANDARD = "gnu++20";
				CLANG_ENABLE_MODULES = YES;
				CLANG_ENABLE_OBJC_ARC = YES;
				CLANG_ENABLE_OBJC_WEAK = YES;
				CLANG_WARN_BLOCK_CAPTURE_AUTORELEASING = YES;
				CLANG_WARN_BOOL_CONVERSION = YES;
				CLANG_WARN_COMMA = YES;
				CLANG_WARN_CONSTANT_CONVERSION = YES;
				CLANG_WARN_DEPRECATED_OBJC_IMPLEMENTATIONS = YES;
				CLANG_WARN_DIRECT_OBJC_ISA_USAGE = YES_ERROR;
				CLANG_WARN_DOCUMENTATION_COMMENTS = YES;
				CLANG_WARN_EMPTY_BODY = YES;
				CLANG_WARN_ENUM_CONVERSION = YES;
				CLANG_WARN_INFINITE_RECURSION = YES;
				CLANG_WARN_INT_CONVERSION = YES;
				CLANG_WARN_NON_LITERAL_NULL_CONVERSION = YES;
				CLANG_WARN_OBJC_IMPLICIT_RETAIN_SELF = YES;
				CLANG_WARN_OBJC_LITERAL_CONVERSION = YES;
				CLANG_WARN_OBJC_ROOT_CLASS = YES_ERROR;
				CLANG_WARN_QUOTED_INCLUDE_IN_FRAMEWORK_HEADER = YES;
				CLANG_WARN_RANGE_LOOP_ANALYSIS = YES;
				CLANG_WARN_STRICT_PROTOTYPES = YES;
				CLANG_WARN_SUSPICIOUS_MOVE = YES;
				CLANG_WARN_UNGUARDED_AVAILABILITY = YES_AGGRESSIVE;
				CLANG_WARN_UNREACHABLE_CODE = YES;
				CLANG_WARN__DUPLICATE_METHOD_MATCH = YES;
				COPY_PHASE_STRIP = NO;
				DEBUG_INFORMATION_FORMAT = "dwarf-with-dsym";
				ENABLE_NS_ASSERTIONS = NO;
				ENABLE_STRICT_OBJC_MSGSEND = YES;
				ENABLE_USER_SCRIPT_SANDBOXING = YES;
				GCC_C_LANGUAGE_STANDARD = gnu17;
				GCC_NO_COMMON_BLOCKS = YES;
				GCC_WARN_64_TO_32_BIT_CONVERSION = YES;
				GCC_WARN_ABOUT_RETURN_TYPE = YES_ERROR;
				GCC_WARN_UNDECLARED_SELECTOR = YES;
				GCC_WARN_UNINITIALIZED_AUTOS = YES_AGGRESSIVE;
				GCC_WARN_UNUSED_FUNCTION = YES;
				GCC_WARN_UNUSED_VARIABLE = YES;
				IPHONEOS_DEPLOYMENT_TARGET = 17.0;
				LOCALIZATION_PREFERS_STRING_CATALOGS = YES;
				MTL_ENABLE_DEBUG_INFO = NO;
				MTL_FAST_MATH = YES;
				SDKROOT = iphoneos;
				SWIFT_COMPILATION_MODE = wholemodule;
				VALIDATE_PRODUCT = YES;
			};
			name = Release;
		};
		23B701512E716BFD009E90E5 /* Debug */ = {
			isa = XCBuildConfiguration;
			buildSettings = {
				ASSETCATALOG_COMPILER_APPICON_NAME = AppIcon;
				ASSETCATALOG_COMPILER_GLOBAL_ACCENT_COLOR_NAME = AccentColor;
				CODE_SIGN_STYLE = Automatic;
				CURRENT_PROJECT_VERSION = 1;
				GENERATE_INFOPLIST_FILE = YES;
				INFOPLIST_FILE = "Document App/Info.plist";
				INFOPLIST_KEY_UIApplicationSupportsIndirectInputEvents = YES;
				INFOPLIST_KEY_UILaunchStoryboardName = "";
				INFOPLIST_KEY_UIMainStoryboardFile = Main;
				INFOPLIST_KEY_UISupportedInterfaceOrientations_iPad = "UIInterfaceOrientationPortrait UIInterfaceOrientationPortraitUpsideDown UIInterfaceOrientationLandscapeLeft UIInterfaceOrientationLandscapeRight";
				INFOPLIST_KEY_UISupportedInterfaceOrientations_iPhone = "UIInterfaceOrientationPortrait UIInterfaceOrientationLandscapeLeft UIInterfaceOrientationLandscapeRight";
				LD_RUNPATH_SEARCH_PATHS = (
					"$(inherited)",
					"@executable_path/Frameworks",
				);
				MARKETING_VERSION = 1.0;
				PRODUCT_BUNDLE_IDENTIFIER = "wesh.Document-App";
				PRODUCT_NAME = "$(TARGET_NAME)";
				SWIFT_EMIT_LOC_STRINGS = YES;
				SWIFT_VERSION = 5.0;
				TARGETED_DEVICE_FAMILY = "1,2";
			};
			name = Debug;
		};
		23B701522E716BFD009E90E5 /* Release */ = {
			isa = XCBuildConfiguration;
			buildSettings = {
				ASSETCATALOG_COMPILER_APPICON_NAME = AppIcon;
				ASSETCATALOG_COMPILER_GLOBAL_ACCENT_COLOR_NAME = AccentColor;
				CODE_SIGN_STYLE = Automatic;
				CURRENT_PROJECT_VERSION = 1;
				GENERATE_INFOPLIST_FILE = YES;
				INFOPLIST_FILE = "Document App/Info.plist";
				INFOPLIST_KEY_UIApplicationSupportsIndirectInputEvents = YES;
				INFOPLIST_KEY_UILaunchStoryboardName = "";
				INFOPLIST_KEY_UIMainStoryboardFile = Main;
				INFOPLIST_KEY_UISupportedInterfaceOrientations_iPad = "UIInterfaceOrientationPortrait UIInterfaceOrientationPortraitUpsideDown UIInterfaceOrientationLandscapeLeft UIInterfaceOrientationLandscapeRight";
				INFOPLIST_KEY_UISupportedInterfaceOrientations_iPhone = "UIInterfaceOrientationPortrait UIInterfaceOrientationLandscapeLeft UIInterfaceOrientationLandscapeRight";
				LD_RUNPATH_SEARCH_PATHS = (
					"$(inherited)",
					"@executable_path/Frameworks",
				);
				MARKETING_VERSION = 1.0;
				PRODUCT_BUNDLE_IDENTIFIER = "wesh.Document-App";
				PRODUCT_NAME = "$(TARGET_NAME)";
				SWIFT_EMIT_LOC_STRINGS = YES;
				SWIFT_VERSION = 5.0;
				TARGETED_DEVICE_FAMILY = "1,2";
			};
			name = Release;
		};
/* End XCBuildConfiguration section */

/* Begin XCConfigurationList section */
		23B701372E716BFC009E90E5 /* Build configuration list for PBXProject "Document App" */ = {
			isa = XCConfigurationList;
			buildConfigurations = (
				23B7014E2E716BFD009E90E5 /* Debug */,
				23B7014F2E716BFD009E90E5 /* Release */,
			);
			defaultConfigurationIsVisible = 0;
			defaultConfigurationName = Release;
		};
		23B701502E716BFD009E90E5 /* Build configuration list for PBXNativeTarget "Document App" */ = {
			isa = XCConfigurationList;
			buildConfigurations = (
				23B701512E716BFD009E90E5 /* Debug */,
				23B701522E716BFD009E90E5 /* Release */,
			);
			defaultConfigurationIsVisible = 0;
			defaultConfigurationName = Release;
		};
/* End XCConfigurationList section */
	};
	rootObject = 23B701342E716BFC009E90E5 /* Project object */;
}
